
Microsoft Visual Studio Solution File, Format Version 12.00
# Visual Studio 15
VisualStudioVersion = 15.0.26430.15
MinimumVisualStudioVersion = 10.0.40219.1
Project("{FAE04EC0-301F-11D3-BF4B-00C04F79EFBC}") = "EmployeeService", "EmployeeService\EmployeeService.csproj", "{5FBAB24D-9D02-4619-BB51-2E8B168D8F70}"
EndProject
Project("{FAE04EC0-301F-11D3-BF4B-00C04F79EFBC}") = "EmployeeDataAccess", "EmployeeDataAccess\EmployeeDataAccess.csproj", "{57FA21CA-DE6E-497C-B53C-606ADD3CDDC2}"
EndProject
Global
	GlobalSection(SolutionConfigurationPlatforms) = preSolution
		Debug|Any CPU = Debug|Any CPU
		Release|Any CPU = Release|Any CPU
	EndGlobalSection
	GlobalSection(ProjectConfigurationPlatforms) = postSolution
		{5FBAB24D-9D02-4619-BB51-2E8B168D8F70}.Debug|Any CPU.ActiveCfg = Debug|Any CPU
		{5FBAB24D-9D02-4619-BB51-2E8B168D8F70}.Debug|Any CPU.Build.0 = Debug|Any CPU
		{5FBAB24D-9D02-4619-BB51-2E8B168D8F70}.Release|Any CPU.ActiveCfg = Release|Any CPU
		{5FBAB24D-9D02-4619-BB51-2E8B168D8F70}.Release|Any CPU.Build.0 = Release|Any CPU
		{57FA21CA-DE6E-497C-B53C-606ADD3CDDC2}.Debug|Any CPU.ActiveCfg = Debug|Any CPU
		{57FA21CA-DE6E-497C-B53C-606ADD3CDDC2}.Debug|Any CPU.Build.0 = Debug|Any CPU
		{57FA21CA-DE6E-497C-B53C-606ADD3CDDC2}.Release|Any CPU.ActiveCfg = Release|Any CPU
		{57FA21CA-DE6E-497C-B53C-606ADD3CDDC2}.Release|Any CPU.Build.0 = Release|Any CPU
	EndGlobalSection
	GlobalSection(SolutionProperties) = preSolution
		HideSolutionNode = FALSE
	EndGlobalSection
EndGlobal
